
Microsoft Visual Studio Solution File, Format Version 12.00
# Visual Studio Version 16
VisualStudioVersion = 16.0.32228.547
MinimumVisualStudioVersion = 10.0.40219.1
Project("{FAE04EC0-301F-11D3-BF4B-00C04F79EFBC}") = "Searching Array In Even And Odd Number", "Searching Array In Even And Odd Number\Searching Array In Even And Odd Number.csproj", "{97A4B648-7DEE-43CF-9367-8538A870C166}"
EndProject
Global
	GlobalSection(SolutionConfigurationPlatforms) = preSolution
		Debug|Any CPU = Debug|Any CPU
		Release|Any CPU = Release|Any CPU
	EndGlobalSection
	GlobalSection(ProjectConfigurationPlatforms) = postSolution
		{97A4B648-7DEE-43CF-9367-8538A870C166}.Debug|Any CPU.ActiveCfg = Debug|Any CPU
		{97A4B648-7DEE-43CF-9367-8538A870C166}.Debug|Any CPU.Build.0 = Debug|Any CPU
		{97A4B648-7DEE-43CF-9367-8538A870C166}.Release|Any CPU.ActiveCfg = Release|Any CPU
		{97A4B648-7DEE-43CF-9367-8538A870C166}.Release|Any CPU.Build.0 = Release|Any CPU
	EndGlobalSection
	GlobalSection(SolutionProperties) = preSolution
		HideSolutionNode = FALSE
	EndGlobalSection
	GlobalSection(ExtensibilityGlobals) = postSolution
		SolutionGuid = {8D00FE5D-C5A6-4BD0-937A-98ED537E6B09}
	EndGlobalSection
EndGlobal
